
Microsoft Visual Studio Solution File, Format Version 12.00
# Visual Studio Version 17
VisualStudioVersion = 17.14.36518.9 d17.14
MinimumVisualStudioVersion = 10.0.40219.1
Project("{FAE04EC0-301F-11D3-BF4B-00C04F79EFBC}") = "GuessNumberTelegramBot", "GuessNumberTelegramBot\GuessNumberTelegramBot.csproj", "{CD346322-BC69-42E3-9316-C14510440359}"
EndProject
Global
	GlobalSection(SolutionConfigurationPlatforms) = preSolution
		Debug|Any CPU = Debug|Any CPU
		Release|Any CPU = Release|Any CPU
	EndGlobalSection
	GlobalSection(ProjectConfigurationPlatforms) = postSolution
		{CD346322-BC69-42E3-9316-C14510440359}.Debug|Any CPU.ActiveCfg = Debug|Any CPU
		{CD346322-BC69-42E3-9316-C14510440359}.Debug|Any CPU.Build.0 = Debug|Any CPU
		{CD346322-BC69-42E3-9316-C14510440359}.Release|Any CPU.ActiveCfg = Release|Any CPU
		{CD346322-BC69-42E3-9316-C14510440359}.Release|Any CPU.Build.0 = Release|Any CPU
	EndGlobalSection
	GlobalSection(SolutionProperties) = preSolution
		HideSolutionNode = FALSE
	EndGlobalSection
	GlobalSection(ExtensibilityGlobals) = postSolution
		SolutionGuid = {F0D0065E-C859-40D0-80F6-C055B40143D1}
	EndGlobalSection
EndGlobal
